[{<<"color">>,
  {git,"https://github.com/julianduque/erlang-color.git",
       {ref,"e60f6302f795220f5f0bee86391ffee5274edec0"}},
  1},
 {<<"lfe">>,
  {git,"https://github.com/rvirding/lfe.git",
       {ref,"e035006a486278c5ad8b8b04d14d5ef3dede64f7"}},
  2},
 {<<"ltest">>,
  {git,"https://github.com/lfex/ltest.git",
       {ref,"8308bb5d08aa6e865a2488966a1d0252a7c118b4"}},
  0},
 {<<"lutil">>,
  {git,"https://github.com/lfex/lutil.git",
       {ref,"1e12eb12ce51e69e5f3edc1c3b84d5c61eee6de7"}},
  1}].
